{
  "name": "worker",
  "version": "0.0.1",
  "lockfileVersion": 2,
  "requires": true,
  "packages": {
    "": {
      "name": "worker",
      "version": "0.0.1",
      "devDependencies": {
        "@cloudflare/workers-types": "^3.3.1"
      }
    },
    "node_modules/@cloudflare/workers-types": {
      "version": "3.3.1",
      "resolved": "https://registry.npmjs.org/@cloudflare/workers-types/-/workers-types-3.3.1.tgz",
      "integrity": "sha512-GJFDgWd8ZHlr/m+Q2mp4xUl0/FIPpR6kf0Ix2C78E9HeJyUCW0c0w2EKCvgEDFFKB2rkzIX3eBqZCnLsbsw8zQ==",
      "dev": true
    }
  },
  "dependencies": {
    "@cloudflare/workers-types": {
      "version": "3.3.1",
      "resolved": "https://registry.npmjs.org/@cloudflare/workers-types/-/workers-types-3.3.1.tgz",
      "integrity": "sha512-GJFDgWd8ZHlr/m+Q2mp4xUl0/FIPpR6kf0Ix2C78E9HeJyUCW0c0w2EKCvgEDFFKB2rkzIX3eBqZCnLsbsw8zQ==",
      "dev": true
    }
  }
}
